
Microsoft Visual Studio Solution File, Format Version 12.00
# Visual Studio Version 17
VisualStudioVersion = 17.12.35707.178
MinimumVisualStudioVersion = 10.0.40219.1
Project("{FAE04EC0-301F-11D3-BF4B-00C04F79EFBC}") = "TEL_ProjectBus", "TEL_ProjectBus\TEL_ProjectBus.csproj", "{7554990F-48FC-4D4D-90EE-82C9543E8D3D}"
EndProject
Project("{FAE04EC0-301F-11D3-BF4B-00C04F79EFBC}") = "TEL_ProjectBus.Tests", "TEL_ProjectBus.Tests\TEL_ProjectBus.Tests.csproj", "{66773291-A90E-4F73-86EA-9891E405604D}"
EndProject
Project("{FAE04EC0-301F-11D3-BF4B-00C04F79EFBC}") = "TEL_ProjectBus.TestConsole", "TEL_ProjectBus.TestConsole\TEL_ProjectBus.TestConsole.csproj", "{3A8DA5F5-04DD-4D31-B50F-152FB2ECF966}"
EndProject
Global
	GlobalSection(SolutionConfigurationPlatforms) = preSolution
		Debug|Any CPU = Debug|Any CPU
		Release|Any CPU = Release|Any CPU
	EndGlobalSection
	GlobalSection(ProjectConfigurationPlatforms) = postSolution
		{7554990F-48FC-4D4D-90EE-82C9543E8D3D}.Debug|Any CPU.ActiveCfg = Debug|Any CPU
		{7554990F-48FC-4D4D-90EE-82C9543E8D3D}.Debug|Any CPU.Build.0 = Debug|Any CPU
		{7554990F-48FC-4D4D-90EE-82C9543E8D3D}.Release|Any CPU.ActiveCfg = Release|Any CPU
		{7554990F-48FC-4D4D-90EE-82C9543E8D3D}.Release|Any CPU.Build.0 = Release|Any CPU
		{66773291-A90E-4F73-86EA-9891E405604D}.Debug|Any CPU.ActiveCfg = Debug|Any CPU
		{66773291-A90E-4F73-86EA-9891E405604D}.Debug|Any CPU.Build.0 = Debug|Any CPU
		{66773291-A90E-4F73-86EA-9891E405604D}.Release|Any CPU.ActiveCfg = Release|Any CPU
		{66773291-A90E-4F73-86EA-9891E405604D}.Release|Any CPU.Build.0 = Release|Any CPU
		{3A8DA5F5-04DD-4D31-B50F-152FB2ECF966}.Debug|Any CPU.ActiveCfg = Debug|Any CPU
		{3A8DA5F5-04DD-4D31-B50F-152FB2ECF966}.Debug|Any CPU.Build.0 = Debug|Any CPU
		{3A8DA5F5-04DD-4D31-B50F-152FB2ECF966}.Release|Any CPU.ActiveCfg = Release|Any CPU
		{3A8DA5F5-04DD-4D31-B50F-152FB2ECF966}.Release|Any CPU.Build.0 = Release|Any CPU
	EndGlobalSection
	GlobalSection(SolutionProperties) = preSolution
		HideSolutionNode = FALSE
	EndGlobalSection
	GlobalSection(ExtensibilityGlobals) = postSolution
		SolutionGuid = {5D8C1FED-81C6-4E4B-967C-F74AF18B3FC1}
	EndGlobalSection
EndGlobal
